
Microsoft Visual Studio Solution File, Format Version 12.00
# Visual Studio Version 17
VisualStudioVersion = 17.14.36414.22
MinimumVisualStudioVersion = 10.0.40219.1
Project("{FAE04EC0-301F-11D3-BF4B-00C04F79EFBC}") = "SocialNet.WebAPI", "SocialNet.WebAPI\SocialNet.WebAPI.csproj", "{4ED4BB02-0F09-49B7-BA1F-021C1F5C83D7}"
EndProject
Project("{FAE04EC0-301F-11D3-BF4B-00C04F79EFBC}") = "SocialNet.Domain", "SocialNet.Domain\SocialNet.Domain.csproj", "{C2F1AA10-D439-4123-B36D-6B07B3706AA4}"
EndProject
Project("{FAE04EC0-301F-11D3-BF4B-00C04F79EFBC}") = "SocialNet.Infrastructure", "SocialNet.Infrastructure\SocialNet.Infrastructure.csproj", "{05166FF6-DAB4-44A7-9FA8-AAF29CA1DF66}"
EndProject
Project("{FAE04EC0-301F-11D3-BF4B-00C04F79EFBC}") = "SocialNet.Core", "SocialNet.Core\SocialNet.Core.csproj", "{3D3C1140-DFFF-4D98-BEC0-940DCD346CFA}"
EndProject
Global
	GlobalSection(SolutionConfigurationPlatforms) = preSolution
		Debug|Any CPU = Debug|Any CPU
		Release|Any CPU = Release|Any CPU
	EndGlobalSection
	GlobalSection(ProjectConfigurationPlatforms) = postSolution
		{4ED4BB02-0F09-49B7-BA1F-021C1F5C83D7}.Debug|Any CPU.ActiveCfg = Debug|Any CPU
		{4ED4BB02-0F09-49B7-BA1F-021C1F5C83D7}.Debug|Any CPU.Build.0 = Debug|Any CPU
		{4ED4BB02-0F09-49B7-BA1F-021C1F5C83D7}.Release|Any CPU.ActiveCfg = Release|Any CPU
		{4ED4BB02-0F09-49B7-BA1F-021C1F5C83D7}.Release|Any CPU.Build.0 = Release|Any CPU
		{C2F1AA10-D439-4123-B36D-6B07B3706AA4}.Debug|Any CPU.ActiveCfg = Debug|Any CPU
		{C2F1AA10-D439-4123-B36D-6B07B3706AA4}.Debug|Any CPU.Build.0 = Debug|Any CPU
		{C2F1AA10-D439-4123-B36D-6B07B3706AA4}.Release|Any CPU.ActiveCfg = Release|Any CPU
		{C2F1AA10-D439-4123-B36D-6B07B3706AA4}.Release|Any CPU.Build.0 = Release|Any CPU
		{05166FF6-DAB4-44A7-9FA8-AAF29CA1DF66}.Debug|Any CPU.ActiveCfg = Debug|Any CPU
		{05166FF6-DAB4-44A7-9FA8-AAF29CA1DF66}.Debug|Any CPU.Build.0 = Debug|Any CPU
		{05166FF6-DAB4-44A7-9FA8-AAF29CA1DF66}.Release|Any CPU.ActiveCfg = Release|Any CPU
		{05166FF6-DAB4-44A7-9FA8-AAF29CA1DF66}.Release|Any CPU.Build.0 = Release|Any CPU
		{3D3C1140-DFFF-4D98-BEC0-940DCD346CFA}.Debug|Any CPU.ActiveCfg = Debug|Any CPU
		{3D3C1140-DFFF-4D98-BEC0-940DCD346CFA}.Debug|Any CPU.Build.0 = Debug|Any CPU
		{3D3C1140-DFFF-4D98-BEC0-940DCD346CFA}.Release|Any CPU.ActiveCfg = Release|Any CPU
		{3D3C1140-DFFF-4D98-BEC0-940DCD346CFA}.Release|Any CPU.Build.0 = Release|Any CPU
	EndGlobalSection
	GlobalSection(SolutionProperties) = preSolution
		HideSolutionNode = FALSE
	EndGlobalSection
	GlobalSection(ExtensibilityGlobals) = postSolution
		SolutionGuid = {5E7EC110-51A9-4AA8-AAF2-2BEF94E20210}
	EndGlobalSection
EndGlobal
